
Microsoft Visual Studio Solution File, Format Version 12.00
# Visual Studio Version 17
VisualStudioVersion = 17.10.35027.167
MinimumVisualStudioVersion = 10.0.40219.1
Project("{FAE04EC0-301F-11D3-BF4B-00C04F79EFBC}") = "TravelatorBackend", "TravelatorBackend\TravelatorBackend.csproj", "{B67FBEEE-FE33-4195-95AE-DD54580B04A4}"
EndProject
Project("{FAE04EC0-301F-11D3-BF4B-00C04F79EFBC}") = "TravelatorService", "TravelatorService\TravelatorService.csproj", "{B5D85EA5-97E5-463B-96C2-1ACCD469B7EC}"
EndProject
Project("{FAE04EC0-301F-11D3-BF4B-00C04F79EFBC}") = "TravelatorDataAccess", "TravelatorDataAccess\TravelatorDataAccess.csproj", "{4C29603E-95DF-4C36-B614-0AC700133182}"
EndProject
Global
	GlobalSection(SolutionConfigurationPlatforms) = preSolution
		Debug|Any CPU = Debug|Any CPU
		Release|Any CPU = Release|Any CPU
	EndGlobalSection
	GlobalSection(ProjectConfigurationPlatforms) = postSolution
		{B67FBEEE-FE33-4195-95AE-DD54580B04A4}.Debug|Any CPU.ActiveCfg = Debug|Any CPU
		{B67FBEEE-FE33-4195-95AE-DD54580B04A4}.Debug|Any CPU.Build.0 = Debug|Any CPU
		{B67FBEEE-FE33-4195-95AE-DD54580B04A4}.Release|Any CPU.ActiveCfg = Release|Any CPU
		{B67FBEEE-FE33-4195-95AE-DD54580B04A4}.Release|Any CPU.Build.0 = Release|Any CPU
		{B5D85EA5-97E5-463B-96C2-1ACCD469B7EC}.Debug|Any CPU.ActiveCfg = Debug|Any CPU
		{B5D85EA5-97E5-463B-96C2-1ACCD469B7EC}.Debug|Any CPU.Build.0 = Debug|Any CPU
		{B5D85EA5-97E5-463B-96C2-1ACCD469B7EC}.Release|Any CPU.ActiveCfg = Release|Any CPU
		{B5D85EA5-97E5-463B-96C2-1ACCD469B7EC}.Release|Any CPU.Build.0 = Release|Any CPU
		{4C29603E-95DF-4C36-B614-0AC700133182}.Debug|Any CPU.ActiveCfg = Debug|Any CPU
		{4C29603E-95DF-4C36-B614-0AC700133182}.Debug|Any CPU.Build.0 = Debug|Any CPU
		{4C29603E-95DF-4C36-B614-0AC700133182}.Release|Any CPU.ActiveCfg = Release|Any CPU
		{4C29603E-95DF-4C36-B614-0AC700133182}.Release|Any CPU.Build.0 = Release|Any CPU
	EndGlobalSection
	GlobalSection(SolutionProperties) = preSolution
		HideSolutionNode = FALSE
	EndGlobalSection
	GlobalSection(ExtensibilityGlobals) = postSolution
		SolutionGuid = {F8791ECE-A3D7-4166-8027-092339AD1710}
	EndGlobalSection
EndGlobal
